
Microsoft Visual Studio Solution File, Format Version 12.00
# Visual Studio Version 17
VisualStudioVersion = 17.0.31903.59
MinimumVisualStudioVersion = 10.0.40219.1
Project("{FAE04EC0-301F-11D3-BF4B-00C04F79EFBC}") = "DeckOfCardsApp", "DeckOfCardsApp\DeckOfCardsApp.csproj", "{16DCADC1-DE0F-4459-B629-A56F447A3F05}"
EndProject
Project("{FAE04EC0-301F-11D3-BF4B-00C04F79EFBC}") = "DeckOfCards.Test", "DeckOfCards.Test\DeckOfCards.Test.csproj", "{9062A438-67B7-48F4-9A06-DD6B15C12BB3}"
EndProject
Global
	GlobalSection(SolutionConfigurationPlatforms) = preSolution
		Debug|Any CPU = Debug|Any CPU
		Release|Any CPU = Release|Any CPU
	EndGlobalSection
	GlobalSection(ProjectConfigurationPlatforms) = postSolution
		{16DCADC1-DE0F-4459-B629-A56F447A3F05}.Debug|Any CPU.ActiveCfg = Debug|Any CPU
		{16DCADC1-DE0F-4459-B629-A56F447A3F05}.Debug|Any CPU.Build.0 = Debug|Any CPU
		{16DCADC1-DE0F-4459-B629-A56F447A3F05}.Release|Any CPU.ActiveCfg = Release|Any CPU
		{16DCADC1-DE0F-4459-B629-A56F447A3F05}.Release|Any CPU.Build.0 = Release|Any CPU
		{9062A438-67B7-48F4-9A06-DD6B15C12BB3}.Debug|Any CPU.ActiveCfg = Debug|Any CPU
		{9062A438-67B7-48F4-9A06-DD6B15C12BB3}.Debug|Any CPU.Build.0 = Debug|Any CPU
		{9062A438-67B7-48F4-9A06-DD6B15C12BB3}.Release|Any CPU.ActiveCfg = Release|Any CPU
		{9062A438-67B7-48F4-9A06-DD6B15C12BB3}.Release|Any CPU.Build.0 = Release|Any CPU
	EndGlobalSection
	GlobalSection(SolutionProperties) = preSolution
		HideSolutionNode = FALSE
	EndGlobalSection
	GlobalSection(ExtensibilityGlobals) = postSolution
		SolutionGuid = {E4724A26-264F-4B13-BACD-067F62B730EC}
	EndGlobalSection
EndGlobal
